# This file is automatically @generated by Poetry 1.8.2 and should not be changed by hand.

[[package]]
name = "mysql-connector-python"
version = "9.7.0"
description = "A self-contained Python driver for communicating with MySQL servers, using an API that is compliant with the Python Database API Specification v2.0 (PEP 249)."
optional = false
python-versions = ">=3.10"
files = [
    {file = "mysql_connector_python-9.7.0-cp310-cp310-macosx_14_0_arm64.whl", hash = "sha256:ee90c5f44f706f012be17f03f6ad158ff96e7f2dcc077896fe4537d3d28b3cf4"},
    {file = "mysql_connector_python-9.7.0-cp310-cp310-macosx_14_0_x86_64.whl", hash = "sha256:a2f371ab69d65c61136c51ad7026017400166cef3c959cab7a9fb668c7acbfba"},
    {file = "mysql_connector_python-9.7.0-cp310-cp310-manylinux_2_28_aarch64.whl", hash = "sha256:9bdfc2d4c4444cd1cc79cc6487c047b28fe2b26d0327b27eb9f5737bb553cb5c"},
    {file = "mysql_connector_python-9.7.0-cp310-cp310-manylinux_2_28_x86_64.whl", hash = "sha256:6546e0b60c275409a5add9e3308c3897fcf478d1338cd845b1664c1a8946f72f"},
    {file = "mysql_connector_python-9.7.0-cp310-cp310-win_amd64.whl", hash = "sha256:c51be697bfdfdf63bb71c5ecc51f7c6faf4aaa3d14a0136fa16e97cc37df1185"},
    {file = "mysql_connector_python-9.7.0-cp311-cp311-macosx_14_0_arm64.whl", hash = "sha256:b5cb8a3ba42b539f79cd13e4c8376d28506f3180f7079c9b04ea7bfd0424fb03"},
    {file = "mysql_connector_python-9.7.0-cp311-cp311-macosx_14_0_x86_64.whl", hash = "sha256:5492d57a6a0e5127a928290737fbb91b66b46d31dac8de3e7604e550bf3b3a6e"},
    {file = "mysql_connector_python-9.7.0-cp311-cp311-manylinux_2_28_aarch64.whl", hash = "sha256:daf70f7da64a2e7c17e6dfd1fc98d2deb653fd955d0bd0b1fef246356e682b0f"},
    {file = "mysql_connector_python-9.7.0-cp311-cp311-manylinux_2_28_x86_64.whl", hash = "sha256:b8d3d6f32b95ae1d0a2f29d1a2b4e628849bcf7e84a70dc56c85b4929361d86b"},
    {file = "mysql_connector_python-9.7.0-cp311-cp311-win_amd64.whl", hash = "sha256:079ce68d617250ef5cefffd5243056dc9f87c6034c804235fd6f45a0daf5a6ae"},
    {file = "mysql_connector_python-9.7.0-cp312-cp312-macosx_14_0_arm64.whl", hash = "sha256:2eae45230b5cbd783d68bdfe8b05ad9b4ebd06799f8d302a6169d7f025572baf"},
    {file = "mysql_connector_python-9.7.0-cp312-cp312-macosx_14_0_x86_64.whl", hash = "sha256:15106ed73d74487f86de6b1859ff7f362efca7c7f9c494497ccb7439d3139fe6"},
    {file = "mysql_connector_python-9.7.0-cp312-cp312-manylinux_2_28_aarch64.whl", hash = "sha256:45491d4ce56722cb335e6d0bde2d4f4a98b7073421bd02a04ad5e6220d69e499"},
    {file = "mysql_connector_python-9.7.0-cp312-cp312-manylinux_2_28_x86_64.whl", hash = "sha256:d5924a76b530159c02f2fe8da4d3c6377ce1f5e195827e8ecbd36124673651d3"},
    {file = "mysql_connector_python-9.7.0-cp313-cp313-macosx_14_0_arm64.whl", hash = "sha256:e3842ecd62391a28c1dda5eb817f40418715e68482a8c146b3c478ac8bb7a23f"},
    {file = "mysql_connector_python-9.7.0-cp313-cp313-macosx_14_0_x86_64.whl", hash = "sha256:9da73e212bb08e4df286506ffbda943063bbce448375a7db29748bb367f4e0af"},
    {file = "mysql_connector_python-9.7.0-cp313-cp313-manylinux_2_28_aarch64.whl", hash = "sha256:39bf31cdbe920eae08801eb829584dc27f70dadbdb3a5c3b78402f54cea87ab0"},
    {file = "mysql_connector_python-9.7.0-cp313-cp313-manylinux_2_28_x86_64.whl", hash = "sha256:236a4b8abfac8217517ce9e9edc735decf55282ada3890b3cd33770009f33d68"},
    {file = "mysql_connector_python-9.7.0-cp313-cp313-win_amd64.whl", hash = "sha256:229ffce2333b88b59f8f034881e12dc85b309615338be9f843ed63923db99d52"},
    {file = "mysql_connector_python-9.7.0-cp314-cp314-macosx_14_0_arm64.whl", hash = "sha256:9e17ceb79c1c4c137a5994f8ca8c6a1ce8ebf83eda3ccc21dd67f2c1398680f0"},
    {file = "mysql_connector_python-9.7.0-cp314-cp314-macosx_14_0_x86_64.whl", hash = "sha256:272c4e8263f6a514e4ae65e9553ed214fc9d4cf1f0f6bedca30def20c2ae1d52"},
    {file = "mysql_connector_python-9.7.0-cp314-cp314-manylinux_2_28_aarch64.whl", hash = "sha256:9549a2974353407427b574f005c92f03972e303182b4c3b4a272bf4ca10855ed"},
    {file = "mysql_connector_python-9.7.0-cp314-cp314-manylinux_2_28_x86_64.whl", hash = "sha256:ea4e05ab864ab8b0b5066d885d89ca51e5ba1320dba520c20a6f9388a8eca022"},
    {file = "mysql_connector_python-9.7.0-cp314-cp314-win_amd64.whl", hash = "sha256:5a5abbc152bc28cb2e64a04605ecd9941eff6b0dc5f9528cb84adb873e9a1e49"},
    {file = "mysql_connector_python-9.7.0-py2.py3-none-any.whl", hash = "sha256:af80b1e7179d5c2d983cf62470ad9b134a7e9ef05cf31108ae587f15873530cc"},
    {file = "mysql_connector_python-9.7.0.tar.gz", hash = "sha256:933887e71c871b6e9d8908459fe8303ebcf8feb5cc1e1c49caa6490e525cf78e"},
]

[package.extras]
dns-srv = ["dnspython (==2.6.1)"]
gssapi = ["gssapi (==1.8.3)"]
telemetry = ["opentelemetry-api (==1.33.1)", "opentelemetry-exporter-otlp-proto-http (==1.33.1)", "opentelemetry-sdk (==1.33.1)"]
webauthn = ["fido2 (==1.1.2)"]

[[package]]
name = "pymysql"
version = "1.2.0"
description = "Pure Python MySQL Driver"
optional = false
python-versions = ">=3.9"
files = [
    {file = "pymysql-1.2.0-py3-none-any.whl", hash = "sha256:62169ce6d5510f08e140c5e7990ee884a9764024e4a9a27b2cc11f1099322ae0"},
    {file = "pymysql-1.2.0.tar.gz", hash = "sha256:6c7b17ca686988104d7426c27895b455cdeea3e9d3ceb1270f0c3704fead8c33"},
]

[package.extras]
ed25519 = ["PyNaCl (>=1.6.2)"]
rsa = ["cryptography (>=46.0.7)"]

[metadata]
lock-version = "2.0"
python-versions = "^3.12"
content-hash = "13e6ffd53017a5ed62e9fdef4adb688b3541e470c8bcda3aa7ff493528072737"
